// !$*UTF8*$!
{
	archiveVersion = 1;
	classes = {
	};
	objectVersion = 55;
	objects = {

/* Begin PBXBuildFile section */
		BA0927FD27CC883A001F8CB4 /* boat1.usdz in Resources */ = {isa = PBXBuildFile; fileRef = BA0927FC27CC883A001F8CB4 /* boat1.usdz */; };
		BA0927FF27CCDCBB001F8CB4 /* Textures.xcassets in Resources */ = {isa = PBXBuildFile; fileRef = BA0927FE27CCDCBB001F8CB4 /* Textures.xcassets */; };
		BA3C5AA227C9BE8B003C7152 /* SceneConstant.swift in Sources */ = {isa = PBXBuildFile; fileRef = BA3C5AA127C9BE8B003C7152 /* SceneConstant.swift */; };
		BA3C5AA427C9EB75003C7152 /* stage1.usdz in Resources */ = {isa = PBXBuildFile; fileRef = BA3C5AA327C9EB75003C7152 /* stage1.usdz */; };
		BA3C5AA627CA0EAD003C7152 /* umeiromodoki.usdz in Resources */ = {isa = PBXBuildFile; fileRef = BA3C5AA527CA0EAD003C7152 /* umeiromodoki.usdz */; };
		BA3C5AA827CB01C3003C7152 /* Stage.swift in Sources */ = {isa = PBXBuildFile; fileRef = BA3C5AA727CB01C3003C7152 /* Stage.swift */; };
		BA3C5AAA27CB4EF4003C7152 /* AssetManager.swift in Sources */ = {isa = PBXBuildFile; fileRef = BA3C5AA927CB4EF4003C7152 /* AssetManager.swift */; };
		BA3C5AB027CB70CC003C7152 /* bag.usdz in Resources */ = {isa = PBXBuildFile; fileRef = BA3C5AAB27CB70CC003C7152 /* bag.usdz */; };
		BA3C5AB127CB70CC003C7152 /* net.usdz in Resources */ = {isa = PBXBuildFile; fileRef = BA3C5AAC27CB70CC003C7152 /* net.usdz */; };
		BA3C5AB227CB70CC003C7152 /* debris1.usdz in Resources */ = {isa = PBXBuildFile; fileRef = BA3C5AAD27CB70CC003C7152 /* debris1.usdz */; };
		BA3C5AB327CB70CC003C7152 /* bottle.usdz in Resources */ = {isa = PBXBuildFile; fileRef = BA3C5AAE27CB70CC003C7152 /* bottle.usdz */; };
		BA3C5AB427CB70CC003C7152 /* debris2.usdz in Resources */ = {isa = PBXBuildFile; fileRef = BA3C5AAF27CB70CC003C7152 /* debris2.usdz */; };
		BA74B28227C4749800D79775 /* Log.swift in Sources */ = {isa = PBXBuildFile; fileRef = BA74B28127C4749800D79775 /* Log.swift */; };
		BA74B28427C474C000D79775 /* RealityDump.swift in Sources */ = {isa = PBXBuildFile; fileRef = BA74B28327C474C000D79775 /* RealityDump.swift */; };
		BA74B28E27C4778100D79775 /* AppStateController.swift in Sources */ = {isa = PBXBuildFile; fileRef = BA74B28D27C4778100D79775 /* AppStateController.swift */; };
		BA74B28F27C4778100D79775 /* AppStateController.swift in Sources */ = {isa = PBXBuildFile; fileRef = BA74B28D27C4778100D79775 /* AppStateController.swift */; };
		BA74B29127C4780700D79775 /* HomeView.swift in Sources */ = {isa = PBXBuildFile; fileRef = BA74B29027C4780700D79775 /* HomeView.swift */; };
		BA74B29327C47EC500D79775 /* OceanView.swift in Sources */ = {isa = PBXBuildFile; fileRef = BA74B29227C47EC500D79775 /* OceanView.swift */; };
		BA74B29527C47F1A00D79775 /* NoteView.swift in Sources */ = {isa = PBXBuildFile; fileRef = BA74B29427C47F1A00D79775 /* NoteView.swift */; };
		BA74B29727C47F8000D79775 /* DevView.swift in Sources */ = {isa = PBXBuildFile; fileRef = BA74B29627C47F8000D79775 /* DevView.swift */; };
		BA74B29C27C4898E00D79775 /* AppConstant.swift in Sources */ = {isa = PBXBuildFile; fileRef = BA74B29B27C4898E00D79775 /* AppConstant.swift */; };
		BA74B29F27C496FC00D79775 /* ARScene.swift in Sources */ = {isa = PBXBuildFile; fileRef = BA74B29E27C496FC00D79775 /* ARScene.swift */; };
		BA74B2A127C4971800D79775 /* ARViewController.swift in Sources */ = {isa = PBXBuildFile; fileRef = BA74B2A027C4971800D79775 /* ARViewController.swift */; };
		BA74B2A527C4D93900D79775 /* cleanup1.mp3 in Resources */ = {isa = PBXBuildFile; fileRef = BA74B2A427C4D93900D79775 /* cleanup1.mp3 */; };
		BA74B2A727C4D94E00D79775 /* medal1.mp3 in Resources */ = {isa = PBXBuildFile; fileRef = BA74B2A627C4D94E00D79775 /* medal1.mp3 */; };
		BA74B2A927C4D95900D79775 /* collect1.mp3 in Resources */ = {isa = PBXBuildFile; fileRef = BA74B2A827C4D95900D79775 /* collect1.mp3 */; };
		BA74B2AB27C4D99400D79775 /* wave1.m4a in Resources */ = {isa = PBXBuildFile; fileRef = BA74B2AA27C4D96B00D79775 /* wave1.m4a */; };
		BA74B2AE27C4DA5D00D79775 /* nukumori.m4a in Resources */ = {isa = PBXBuildFile; fileRef = BA74B2AD27C4DA5D00D79775 /* nukumori.m4a */; };
		BA74B2B027C4DA7300D79775 /* hidamari.m4a in Resources */ = {isa = PBXBuildFile; fileRef = BA74B2AF27C4DA7300D79775 /* hidamari.m4a */; };
		BA74B2B227C4DA8600D79775 /* needbetter.m4a in Resources */ = {isa = PBXBuildFile; fileRef = BA74B2B127C4DA8600D79775 /* needbetter.m4a */; };
		BAAD373927C38993005FA7DE /* arplasticoceanApp.swift in Sources */ = {isa = PBXBuildFile; fileRef = BAAD373827C38993005FA7DE /* arplasticoceanApp.swift */; };
		BAAD373D27C38994005FA7DE /* Assets.xcassets in Resources */ = {isa = PBXBuildFile; fileRef = BAAD373C27C38994005FA7DE /* Assets.xcassets */; };
		BAAD374027C38994005FA7DE /* Preview Assets.xcassets in Resources */ = {isa = PBXBuildFile; fileRef = BAAD373F27C38994005FA7DE /* Preview Assets.xcassets */; };
		BAAD374F27C39B90005FA7DE /* arplasticoceanTests.swift in Sources */ = {isa = PBXBuildFile; fileRef = BAAD374E27C39B90005FA7DE /* arplasticoceanTests.swift */; };
		BAAD376527C3A3A3005FA7DE /* InfoPlist.strings in Resources */ = {isa = PBXBuildFile; fileRef = BAAD376327C3A3A3005FA7DE /* InfoPlist.strings */; };
		BAAD376827C3A3A3005FA7DE /* Localizable.strings in Resources */ = {isa = PBXBuildFile; fileRef = BAAD376627C3A3A3005FA7DE /* Localizable.strings */; };
		BAAD376E27C3A9F2005FA7DE /* Colors.xcassets in Resources */ = {isa = PBXBuildFile; fileRef = BAAD376D27C3A9F2005FA7DE /* Colors.xcassets */; };
/* End PBXBuildFile section */

/* Begin PBXContainerItemProxy section */
		BAAD375027C39B90005FA7DE /* PBXContainerItemProxy */ = {
			isa = PBXContainerItemProxy;
			containerPortal = BAAD372D27C38993005FA7DE /* Project object */;
			proxyType = 1;
			remoteGlobalIDString = BAAD373427C38993005FA7DE;
			remoteInfo = arplasticocean;
		};
/* End PBXContainerItemProxy section */

/* Begin PBXFileReference section */
		BA0927FC27CC883A001F8CB4 /* boat1.usdz */ = {isa = PBXFileReference; lastKnownFileType = file.usdz; path = boat1.usdz; sourceTree = "<group>"; };
		BA0927FE27CCDCBB001F8CB4 /* Textures.xcassets */ = {isa = PBXFileReference; lastKnownFileType = folder.assetcatalog; path = Textures.xcassets; sourceTree = "<group>"; };
		BA3C5AA127C9BE8B003C7152 /* SceneConstant.swift */ = {isa = PBXFileReference; lastKnownFileType = sourcecode.swift; path = SceneConstant.swift; sourceTree = "<group>"; };
		BA3C5AA327C9EB75003C7152 /* stage1.usdz */ = {isa = PBXFileReference; lastKnownFileType = file.usdz; path = stage1.usdz; sourceTree = "<group>"; };
		BA3C5AA527CA0EAD003C7152 /* umeiromodoki.usdz */ = {isa = PBXFileReference; lastKnownFileType = file.usdz; path = umeiromodoki.usdz; sourceTree = "<group>"; };
		BA3C5AA727CB01C3003C7152 /* Stage.swift */ = {isa = PBXFileReference; lastKnownFileType = sourcecode.swift; path = Stage.swift; sourceTree = "<group>"; };
		BA3C5AA927CB4EF4003C7152 /* AssetManager.swift */ = {isa = PBXFileReference; lastKnownFileType = sourcecode.swift; path = AssetManager.swift; sourceTree = "<group>"; };
		BA3C5AAB27CB70CC003C7152 /* bag.usdz */ = {isa = PBXFileReference; lastKnownFileType = file.usdz; path = bag.usdz; sourceTree = "<group>"; };
		BA3C5AAC27CB70CC003C7152 /* net.usdz */ = {isa = PBXFileReference; lastKnownFileType = file.usdz; path = net.usdz; sourceTree = "<group>"; };
		BA3C5AAD27CB70CC003C7152 /* debris1.usdz */ = {isa = PBXFileReference; lastKnownFileType = file.usdz; path = debris1.usdz; sourceTree = "<group>"; };
		BA3C5AAE27CB70CC003C7152 /* bottle.usdz */ = {isa = PBXFileReference; lastKnownFileType = file.usdz; path = bottle.usdz; sourceTree = "<group>"; };
		BA3C5AAF27CB70CC003C7152 /* debris2.usdz */ = {isa = PBXFileReference; lastKnownFileType = file.usdz; path = debris2.usdz; sourceTree = "<group>"; };
		BA74B28127C4749800D79775 /* Log.swift */ = {isa = PBXFileReference; lastKnownFileType = sourcecode.swift; path = Log.swift; sourceTree = "<group>"; };
		BA74B28327C474C000D79775 /* RealityDump.swift */ = {isa = PBXFileReference; lastKnownFileType = sourcecode.swift; path = RealityDump.swift; sourceTree = "<group>"; };
		BA74B28D27C4778100D79775 /* AppStateController.swift */ = {isa = PBXFileReference; lastKnownFileType = sourcecode.swift; path = AppStateController.swift; sourceTree = "<group>"; };
		BA74B29027C4780700D79775 /* HomeView.swift */ = {isa = PBXFileReference; lastKnownFileType = sourcecode.swift; path = HomeView.swift; sourceTree = "<group>"; };
		BA74B29227C47EC500D79775 /* OceanView.swift */ = {isa = PBXFileReference; lastKnownFileType = sourcecode.swift; path = OceanView.swift; sourceTree = "<group>"; };
		BA74B29427C47F1A00D79775 /* NoteView.swift */ = {isa = PBXFileReference; lastKnownFileType = sourcecode.swift; path = NoteView.swift; sourceTree = "<group>"; };
		BA74B29627C47F8000D79775 /* DevView.swift */ = {isa = PBXFileReference; lastKnownFileType = sourcecode.swift; path = DevView.swift; sourceTree = "<group>"; };
		BA74B29B27C4898E00D79775 /* AppConstant.swift */ = {isa = PBXFileReference; lastKnownFileType = sourcecode.swift; path = AppConstant.swift; sourceTree = "<group>"; };
		BA74B29E27C496FC00D79775 /* ARScene.swift */ = {isa = PBXFileReference; lastKnownFileType = sourcecode.swift; path = ARScene.swift; sourceTree = "<group>"; };
		BA74B2A027C4971800D79775 /* ARViewController.swift */ = {isa = PBXFileReference; lastKnownFileType = sourcecode.swift; path = ARViewController.swift; sourceTree = "<group>"; };
		BA74B2A427C4D93900D79775 /* cleanup1.mp3 */ = {isa = PBXFileReference; lastKnownFileType = audio.mp3; path = cleanup1.mp3; sourceTree = "<group>"; };
		BA74B2A627C4D94E00D79775 /* medal1.mp3 */ = {isa = PBXFileReference; lastKnownFileType = audio.mp3; path = medal1.mp3; sourceTree = "<group>"; };
		BA74B2A827C4D95900D79775 /* collect1.mp3 */ = {isa = PBXFileReference; lastKnownFileType = audio.mp3; path = collect1.mp3; sourceTree = "<group>"; };
		BA74B2AA27C4D96B00D79775 /* wave1.m4a */ = {isa = PBXFileReference; lastKnownFileType = file; path = wave1.m4a; sourceTree = "<group>"; };
		BA74B2AD27C4DA5D00D79775 /* nukumori.m4a */ = {isa = PBXFileReference; lastKnownFileType = file; path = nukumori.m4a; sourceTree = "<group>"; };
		BA74B2AF27C4DA7300D79775 /* hidamari.m4a */ = {isa = PBXFileReference; lastKnownFileType = file; path = hidamari.m4a; sourceTree = "<group>"; };
		BA74B2B127C4DA8600D79775 /* needbetter.m4a */ = {isa = PBXFileReference; lastKnownFileType = file; path = needbetter.m4a; sourceTree = "<group>"; };
		BAAD373527C38993005FA7DE /* arplasticocean.app */ = {isa = PBXFileReference; explicitFileType = wrapper.application; includeInIndex = 0; path = arplasticocean.app; sourceTree = BUILT_PRODUCTS_DIR; };
		BAAD373827C38993005FA7DE /* arplasticoceanApp.swift */ = {isa = PBXFileReference; lastKnownFileType = sourcecode.swift; path = arplasticoceanApp.swift; sourceTree = "<group>"; };
		BAAD373C27C38994005FA7DE /* Assets.xcassets */ = {isa = PBXFileReference; lastKnownFileType = folder.assetcatalog; path = Assets.xcassets; sourceTree = "<group>"; };
		BAAD373F27C38994005FA7DE /* Preview Assets.xcassets */ = {isa = PBXFileReference; lastKnownFileType = folder.assetcatalog; path = "Preview Assets.xcassets"; sourceTree = "<group>"; };
		BAAD374627C38A6F005FA7DE /* Info.plist */ = {isa = PBXFileReference; lastKnownFileType = text.plist.xml; path = Info.plist; sourceTree = "<group>"; };
		BAAD374C27C39B90005FA7DE /* arplasticoceanTests.xctest */ = {isa = PBXFileReference; explicitFileType = wrapper.cfbundle; includeInIndex = 0; path = arplasticoceanTests.xctest; sourceTree = BUILT_PRODUCTS_DIR; };
		BAAD374E27C39B90005FA7DE /* arplasticoceanTests.swift */ = {isa = PBXFileReference; lastKnownFileType = sourcecode.swift; path = arplasticoceanTests.swift; sourceTree = "<group>"; };
		BAAD376427C3A3A3005FA7DE /* en */ = {isa = PBXFileReference; lastKnownFileType = text.plist.strings; name = en; path = en.lproj/InfoPlist.strings; sourceTree = "<group>"; };
		BAAD376727C3A3A3005FA7DE /* en */ = {isa = PBXFileReference; lastKnownFileType = text.plist.strings; name = en; path = en.lproj/Localizable.strings; sourceTree = "<group>"; };
		BAAD376927C3A45B005FA7DE /* ja */ = {isa = PBXFileReference; lastKnownFileType = text.plist.strings; name = ja; path = ja.lproj/InfoPlist.strings; sourceTree = "<group>"; };
		BAAD376A27C3A45B005FA7DE /* ja */ = {isa = PBXFileReference; lastKnownFileType = text.plist.strings; name = ja; path = ja.lproj/Localizable.strings; sourceTree = "<group>"; };
		BAAD376D27C3A9F2005FA7DE /* Colors.xcassets */ = {isa = PBXFileReference; lastKnownFileType = folder.assetcatalog; path = Colors.xcassets; sourceTree = "<group>"; };
/* End PBXFileReference section */

/* Begin PBXFrameworksBuildPhase section */
		BAAD373227C38993005FA7DE /* Frameworks */ = {
			isa = PBXFrameworksBuildPhase;
			buildActionMask = 2147483647;
			files = (
			);
			runOnlyForDeploymentPostprocessing = 0;
		};
		BAAD374927C39B90005FA7DE /* Frameworks */ = {
			isa = PBXFrameworksBuildPhase;
			buildActionMask = 2147483647;
			files = (
			);
			runOnlyForDeploymentPostprocessing = 0;
		};
/* End PBXFrameworksBuildPhase section */

/* Begin PBXGroup section */
		BA3C5AB527CBBC94003C7152 /* Boat */ = {
			isa = PBXGroup;
			children = (
				BA0927FC27CC883A001F8CB4 /* boat1.usdz */,
			);
			path = Boat;
			sourceTree = "<group>";
		};
		BA74B28027C4747600D79775 /* Utilities */ = {
			isa = PBXGroup;
			children = (
				BA74B28127C4749800D79775 /* Log.swift */,
				BA74B28327C474C000D79775 /* RealityDump.swift */,
			);
			path = Utilities;
			sourceTree = "<group>";
		};
		BA74B28527C4750B00D79775 /* Assets */ = {
			isa = PBXGroup;
			children = (
				BA74B2AC27C4DA2300D79775 /* StageSounds */,
				BA74B28A27C4769200D79775 /* EffectSounds */,
				BA74B28927C4766F00D79775 /* Fish */,
				BA74B28827C4761500D79775 /* Refuses */,
				BA3C5AB527CBBC94003C7152 /* Boat */,
				BA74B28627C4752800D79775 /* Stages */,
			);
			path = Assets;
			sourceTree = "<group>";
		};
		BA74B28627C4752800D79775 /* Stages */ = {
			isa = PBXGroup;
			children = (
				BA3C5AA327C9EB75003C7152 /* stage1.usdz */,
			);
			path = Stages;
			sourceTree = "<group>";
		};
		BA74B28827C4761500D79775 /* Refuses */ = {
			isa = PBXGroup;
			children = (
				BA3C5AAB27CB70CC003C7152 /* bag.usdz */,
				BA3C5AAE27CB70CC003C7152 /* bottle.usdz */,
				BA3C5AAD27CB70CC003C7152 /* debris1.usdz */,
				BA3C5AAF27CB70CC003C7152 /* debris2.usdz */,
				BA3C5AAC27CB70CC003C7152 /* net.usdz */,
			);
			path = Refuses;
			sourceTree = "<group>";
		};
		BA74B28927C4766F00D79775 /* Fish */ = {
			isa = PBXGroup;
			children = (
				BA3C5AA527CA0EAD003C7152 /* umeiromodoki.usdz */,
			);
			path = Fish;
			sourceTree = "<group>";
		};
		BA74B28A27C4769200D79775 /* EffectSounds */ = {
			isa = PBXGroup;
			children = (
				BA74B2A427C4D93900D79775 /* cleanup1.mp3 */,
				BA74B2A627C4D94E00D79775 /* medal1.mp3 */,
				BA74B2A827C4D95900D79775 /* collect1.mp3 */,
			);
			path = EffectSounds;
			sourceTree = "<group>";
		};
		BA74B28B27C476BB00D79775 /* ViewModels */ = {
			isa = PBXGroup;
			children = (
				BA74B28D27C4778100D79775 /* AppStateController.swift */,
				BA3C5AA927CB4EF4003C7152 /* AssetManager.swift */,
			);
			path = ViewModels;
			sourceTree = "<group>";
		};
		BA74B28C27C4770400D79775 /* Models */ = {
			isa = PBXGroup;
			children = (
				BA3C5AA127C9BE8B003C7152 /* SceneConstant.swift */,
			);
			path = Models;
			sourceTree = "<group>";
		};
		BA74B29827C4894600D79775 /* AppConfiguration */ = {
			isa = PBXGroup;
			children = (
				BA74B29B27C4898E00D79775 /* AppConstant.swift */,
			);
			path = AppConfiguration;
			sourceTree = "<group>";
		};
		BA74B29D27C496E300D79775 /* ARScene */ = {
			isa = PBXGroup;
			children = (
				BA74B29E27C496FC00D79775 /* ARScene.swift */,
				BA3C5AA727CB01C3003C7152 /* Stage.swift */,
			);
			path = ARScene;
			sourceTree = "<group>";
		};
		BA74B2AC27C4DA2300D79775 /* StageSounds */ = {
			isa = PBXGroup;
			children = (
				BA74B2AA27C4D96B00D79775 /* wave1.m4a */,
				BA74B2AD27C4DA5D00D79775 /* nukumori.m4a */,
				BA74B2AF27C4DA7300D79775 /* hidamari.m4a */,
				BA74B2B127C4DA8600D79775 /* needbetter.m4a */,
			);
			path = StageSounds;
			sourceTree = "<group>";
		};
		BAAD372C27C38993005FA7DE = {
			isa = PBXGroup;
			children = (
				BAAD373727C38993005FA7DE /* arplasticocean */,
				BAAD374D27C39B90005FA7DE /* arplasticoceanTests */,
				BAAD373627C38993005FA7DE /* Products */,
			);
			sourceTree = "<group>";
		};
		BAAD373627C38993005FA7DE /* Products */ = {
			isa = PBXGroup;
			children = (
				BAAD373527C38993005FA7DE /* arplasticocean.app */,
				BAAD374C27C39B90005FA7DE /* arplasticoceanTests.xctest */,
			);
			name = Products;
			sourceTree = "<group>";
		};
		BAAD373727C38993005FA7DE /* arplasticocean */ = {
			isa = PBXGroup;
			children = (
				BAAD374627C38A6F005FA7DE /* Info.plist */,
				BAAD376C27C3A965005FA7DE /* AppProperties */,
				BA74B29827C4894600D79775 /* AppConfiguration */,
				BAAD376B27C3A945005FA7DE /* Views */,
				BA74B28B27C476BB00D79775 /* ViewModels */,
				BA74B28C27C4770400D79775 /* Models */,
				BA74B29D27C496E300D79775 /* ARScene */,
				BA74B28027C4747600D79775 /* Utilities */,
				BA74B28527C4750B00D79775 /* Assets */,
				BAAD373E27C38994005FA7DE /* Preview Content */,
			);
			path = arplasticocean;
			sourceTree = "<group>";
		};
		BAAD373E27C38994005FA7DE /* Preview Content */ = {
			isa = PBXGroup;
			children = (
				BAAD373F27C38994005FA7DE /* Preview Assets.xcassets */,
			);
			path = "Preview Content";
			sourceTree = "<group>";
		};
		BAAD374D27C39B90005FA7DE /* arplasticoceanTests */ = {
			isa = PBXGroup;
			children = (
				BAAD374E27C39B90005FA7DE /* arplasticoceanTests.swift */,
			);
			path = arplasticoceanTests;
			sourceTree = "<group>";
		};
		BAAD376B27C3A945005FA7DE /* Views */ = {
			isa = PBXGroup;
			children = (
				BAAD373827C38993005FA7DE /* arplasticoceanApp.swift */,
				BA74B29027C4780700D79775 /* HomeView.swift */,
				BA74B29427C47F1A00D79775 /* NoteView.swift */,
				BA74B29227C47EC500D79775 /* OceanView.swift */,
				BA74B2A027C4971800D79775 /* ARViewController.swift */,
				BA74B29627C47F8000D79775 /* DevView.swift */,
			);
			path = Views;
			sourceTree = "<group>";
		};
		BAAD376C27C3A965005FA7DE /* AppProperties */ = {
			isa = PBXGroup;
			children = (
				BAAD373C27C38994005FA7DE /* Assets.xcassets */,
				BA0927FE27CCDCBB001F8CB4 /* Textures.xcassets */,
				BAAD376D27C3A9F2005FA7DE /* Colors.xcassets */,
				BAAD376627C3A3A3005FA7DE /* Localizable.strings */,
				BAAD376327C3A3A3005FA7DE /* InfoPlist.strings */,
			);
			path = AppProperties;
			sourceTree = "<group>";
		};
/* End PBXGroup section */

/* Begin PBXNativeTarget section */
		BAAD373427C38993005FA7DE /* arplasticocean */ = {
			isa = PBXNativeTarget;
			buildConfigurationList = BAAD374327C38994005FA7DE /* Build configuration list for PBXNativeTarget "arplasticocean" */;
			buildPhases = (
				BAAD373127C38993005FA7DE /* Sources */,
				BAAD373227C38993005FA7DE /* Frameworks */,
				BAAD373327C38993005FA7DE /* Resources */,
				BAAD374727C39880005FA7DE /* SwiftLint Run Script */,
			);
			buildRules = (
			);
			dependencies = (
			);
			name = arplasticocean;
			productName = arplasticocean;
			productReference = BAAD373527C38993005FA7DE /* arplasticocean.app */;
			productType = "com.apple.product-type.application";
		};
		BAAD374B27C39B90005FA7DE /* arplasticoceanTests */ = {
			isa = PBXNativeTarget;
			buildConfigurationList = BAAD375227C39B90005FA7DE /* Build configuration list for PBXNativeTarget "arplasticoceanTests" */;
			buildPhases = (
				BAAD374827C39B90005FA7DE /* Sources */,
				BAAD374927C39B90005FA7DE /* Frameworks */,
				BAAD374A27C39B90005FA7DE /* Resources */,
			);
			buildRules = (
			);
			dependencies = (
				BAAD375127C39B90005FA7DE /* PBXTargetDependency */,
			);
			name = arplasticoceanTests;
			productName = arplasticoceanTests;
			productReference = BAAD374C27C39B90005FA7DE /* arplasticoceanTests.xctest */;
			productType = "com.apple.product-type.bundle.unit-test";
		};
/* End PBXNativeTarget section */

/* Begin PBXProject section */
		BAAD372D27C38993005FA7DE /* Project object */ = {
			isa = PBXProject;
			attributes = {
				BuildIndependentTargetsInParallel = 1;
				LastSwiftUpdateCheck = 1320;
				LastUpgradeCheck = 1320;
				TargetAttributes = {
					BAAD373427C38993005FA7DE = {
						CreatedOnToolsVersion = 13.2.1;
					};
					BAAD374B27C39B90005FA7DE = {
						CreatedOnToolsVersion = 13.2.1;
						TestTargetID = BAAD373427C38993005FA7DE;
					};
				};
			};
			buildConfigurationList = BAAD373027C38993005FA7DE /* Build configuration list for PBXProject "arplasticocean" */;
			compatibilityVersion = "Xcode 13.0";
			developmentRegion = en;
			hasScannedForEncodings = 0;
			knownRegions = (
				en,
				Base,
				ja,
			);
			mainGroup = BAAD372C27C38993005FA7DE;
			productRefGroup = BAAD373627C38993005FA7DE /* Products */;
			projectDirPath = "";
			projectRoot = "";
			targets = (
				BAAD373427C38993005FA7DE /* arplasticocean */,
				BAAD374B27C39B90005FA7DE /* arplasticoceanTests */,
			);
		};
/* End PBXProject section */

/* Begin PBXResourcesBuildPhase section */
		BAAD373327C38993005FA7DE /* Resources */ = {
			isa = PBXResourcesBuildPhase;
			buildActionMask = 2147483647;
			files = (
				BA3C5AA427C9EB75003C7152 /* stage1.usdz in Resources */,
				BA3C5AB327CB70CC003C7152 /* bottle.usdz in Resources */,
				BAAD376E27C3A9F2005FA7DE /* Colors.xcassets in Resources */,
				BA74B2B027C4DA7300D79775 /* hidamari.m4a in Resources */,
				BA3C5AB127CB70CC003C7152 /* net.usdz in Resources */,
				BA0927FD27CC883A001F8CB4 /* boat1.usdz in Resources */,
				BA74B2A527C4D93900D79775 /* cleanup1.mp3 in Resources */,
				BA74B2A927C4D95900D79775 /* collect1.mp3 in Resources */,
				BAAD374027C38994005FA7DE /* Preview Assets.xcassets in Resources */,
				BA3C5AB227CB70CC003C7152 /* debris1.usdz in Resources */,
				BA74B2A727C4D94E00D79775 /* medal1.mp3 in Resources */,
				BAAD376827C3A3A3005FA7DE /* Localizable.strings in Resources */,
				BA74B2AE27C4DA5D00D79775 /* nukumori.m4a in Resources */,
				BA74B2B227C4DA8600D79775 /* needbetter.m4a in Resources */,
				BA74B2AB27C4D99400D79775 /* wave1.m4a in Resources */,
				BA3C5AB427CB70CC003C7152 /* debris2.usdz in Resources */,
				BA3C5AA627CA0EAD003C7152 /* umeiromodoki.usdz in Resources */,
				BAAD376527C3A3A3005FA7DE /* InfoPlist.strings in Resources */,
				BA0927FF27CCDCBB001F8CB4 /* Textures.xcassets in Resources */,
				BAAD373D27C38994005FA7DE /* Assets.xcassets in Resources */,
				BA3C5AB027CB70CC003C7152 /* bag.usdz in Resources */,
			);
			runOnlyForDeploymentPostprocessing = 0;
		};
		BAAD374A27C39B90005FA7DE /* Resources */ = {
			isa = PBXResourcesBuildPhase;
			buildActionMask = 2147483647;
			files = (
			);
			runOnlyForDeploymentPostprocessing = 0;
		};
/* End PBXResourcesBuildPhase section */

/* Begin PBXShellScriptBuildPhase section */
		BAAD374727C39880005FA7DE /* SwiftLint Run Script */ = {
			isa = PBXShellScriptBuildPhase;
			buildActionMask = 2147483647;
			files = (
			);
			inputFileListPaths = (
			);
			inputPaths = (
			);
			name = "SwiftLint Run Script";
			outputFileListPaths = (
			);
			outputPaths = (
			);
			runOnlyForDeploymentPostprocessing = 0;
			shellPath = /bin/sh;
			shellScript = "if which swiftlint >/dev/null; then\n  swiftlint\nelse\n  echo \"warning: SwiftLint not installed, download from https://github.com/realm/SwiftLint\"\nfi\n";
		};
/* End PBXShellScriptBuildPhase section */

/* Begin PBXSourcesBuildPhase section */
		BAAD373127C38993005FA7DE /* Sources */ = {
			isa = PBXSourcesBuildPhase;
			buildActionMask = 2147483647;
			files = (
				BA74B29C27C4898E00D79775 /* AppConstant.swift in Sources */,
				BA74B28E27C4778100D79775 /* AppStateController.swift in Sources */,
				BA3C5AA227C9BE8B003C7152 /* SceneConstant.swift in Sources */,
				BA74B28427C474C000D79775 /* RealityDump.swift in Sources */,
				BA74B29727C47F8000D79775 /* DevView.swift in Sources */,
				BA74B29127C4780700D79775 /* HomeView.swift in Sources */,
				BA3C5AAA27CB4EF4003C7152 /* AssetManager.swift in Sources */,
				BA74B29F27C496FC00D79775 /* ARScene.swift in Sources */,
				BA74B29327C47EC500D79775 /* OceanView.swift in Sources */,
				BAAD373927C38993005FA7DE /* arplasticoceanApp.swift in Sources */,
				BA74B29527C47F1A00D79775 /* NoteView.swift in Sources */,
				BA74B28227C4749800D79775 /* Log.swift in Sources */,
				BA74B2A127C4971800D79775 /* ARViewController.swift in Sources */,
				BA3C5AA827CB01C3003C7152 /* Stage.swift in Sources */,
			);
			runOnlyForDeploymentPostprocessing = 0;
		};
		BAAD374827C39B90005FA7DE /* Sources */ = {
			isa = PBXSourcesBuildPhase;
			buildActionMask = 2147483647;
			files = (
				BAAD374F27C39B90005FA7DE /* arplasticoceanTests.swift in Sources */,
				BA74B28F27C4778100D79775 /* AppStateController.swift in Sources */,
			);
			runOnlyForDeploymentPostprocessing = 0;
		};
/* End PBXSourcesBuildPhase section */

/* Begin PBXTargetDependency section */
		BAAD375127C39B90005FA7DE /* PBXTargetDependency */ = {
			isa = PBXTargetDependency;
			target = BAAD373427C38993005FA7DE /* arplasticocean */;
			targetProxy = BAAD375027C39B90005FA7DE /* PBXContainerItemProxy */;
		};
/* End PBXTargetDependency section */

/* Begin PBXVariantGroup section */
		BAAD376327C3A3A3005FA7DE /* InfoPlist.strings */ = {
			isa = PBXVariantGroup;
			children = (
				BAAD376427C3A3A3005FA7DE /* en */,
				BAAD376927C3A45B005FA7DE /* ja */,
			);
			name = InfoPlist.strings;
			sourceTree = "<group>";
		};
		BAAD376627C3A3A3005FA7DE /* Localizable.strings */ = {
			isa = PBXVariantGroup;
			children = (
				BAAD376727C3A3A3005FA7DE /* en */,
				BAAD376A27C3A45B005FA7DE /* ja */,
			);
			name = Localizable.strings;
			sourceTree = "<group>";
		};
/* End PBXVariantGroup section */

/* Begin XCBuildConfiguration section */
		BAAD374127C38994005FA7DE /* Debug */ = {
			isa = XCBuildConfiguration;
			buildSettings = {
				ALWAYS_SEARCH_USER_PATHS = NO;
				CLANG_ANALYZER_NONNULL = YES;
				CLANG_ANALYZER_NUMBER_OBJECT_CONVERSION = YES_AGGRESSIVE;
				CLANG_CXX_LANGUAGE_STANDARD = "gnu++17";
				CLANG_CXX_LIBRARY = "libc++";
				CLANG_ENABLE_MODULES = YES;
				CLANG_ENABLE_OBJC_ARC = YES;
				CLANG_ENABLE_OBJC_WEAK = YES;
				CLANG_WARN_BLOCK_CAPTURE_AUTORELEASING = YES;
				CLANG_WARN_BOOL_CONVERSION = YES;
				CLANG_WARN_COMMA = YES;
				CLANG_WARN_CONSTANT_CONVERSION = YES;
				CLANG_WARN_DEPRECATED_OBJC_IMPLEMENTATIONS = YES;
				CLANG_WARN_DIRECT_OBJC_ISA_USAGE = YES_ERROR;
				CLANG_WARN_DOCUMENTATION_COMMENTS = YES;
				CLANG_WARN_EMPTY_BODY = YES;
				CLANG_WARN_ENUM_CONVERSION = YES;
				CLANG_WARN_INFINITE_RECURSION = YES;
				CLANG_WARN_INT_CONVERSION = YES;
				CLANG_WARN_NON_LITERAL_NULL_CONVERSION = YES;
				CLANG_WARN_OBJC_IMPLICIT_RETAIN_SELF = YES;
				CLANG_WARN_OBJC_LITERAL_CONVERSION = YES;
				CLANG_WARN_OBJC_ROOT_CLASS = YES_ERROR;
				CLANG_WARN_QUOTED_INCLUDE_IN_FRAMEWORK_HEADER = YES;
				CLANG_WARN_RANGE_LOOP_ANALYSIS = YES;
				CLANG_WARN_STRICT_PROTOTYPES = YES;
				CLANG_WARN_SUSPICIOUS_MOVE = YES;
				CLANG_WARN_UNGUARDED_AVAILABILITY = YES_AGGRESSIVE;
				CLANG_WARN_UNREACHABLE_CODE = YES;
				CLANG_WARN__DUPLICATE_METHOD_MATCH = YES;
				COPY_PHASE_STRIP = NO;
				DEBUG_INFORMATION_FORMAT = dwarf;
				ENABLE_STRICT_OBJC_MSGSEND = YES;
				ENABLE_TESTABILITY = YES;
				GCC_C_LANGUAGE_STANDARD = gnu11;
				GCC_DYNAMIC_NO_PIC = NO;
				GCC_NO_COMMON_BLOCKS = YES;
				GCC_OPTIMIZATION_LEVEL = 0;
				GCC_PREPROCESSOR_DEFINITIONS = (
					"DEBUG=1",
					"$(inherited)",
				);
				GCC_WARN_64_TO_32_BIT_CONVERSION = YES;
				GCC_WARN_ABOUT_RETURN_TYPE = YES_ERROR;
				GCC_WARN_UNDECLARED_SELECTOR = YES;
				GCC_WARN_UNINITIALIZED_AUTOS = YES_AGGRESSIVE;
				GCC_WARN_UNUSED_FUNCTION = YES;
				GCC_WARN_UNUSED_VARIABLE = YES;
				IPHONEOS_DEPLOYMENT_TARGET = 15.0;
				MTL_ENABLE_DEBUG_INFO = INCLUDE_SOURCE;
				MTL_FAST_MATH = YES;
				ONLY_ACTIVE_ARCH = YES;
				SDKROOT = iphoneos;
				SWIFT_ACTIVE_COMPILATION_CONDITIONS = DEBUG;
				SWIFT_OPTIMIZATION_LEVEL = "-Onone";
			};
			name = Debug;
		};
		BAAD374227C38994005FA7DE /* Release */ = {
			isa = XCBuildConfiguration;
			buildSettings = {
				ALWAYS_SEARCH_USER_PATHS = NO;
				CLANG_ANALYZER_NONNULL = YES;
				CLANG_ANALYZER_NUMBER_OBJECT_CONVERSION = YES_AGGRESSIVE;
				CLANG_CXX_LANGUAGE_STANDARD = "gnu++17";
				CLANG_CXX_LIBRARY = "libc++";
				CLANG_ENABLE_MODULES = YES;
				CLANG_ENABLE_OBJC_ARC = YES;
				CLANG_ENABLE_OBJC_WEAK = YES;
				CLANG_WARN_BLOCK_CAPTURE_AUTORELEASING = YES;
				CLANG_WARN_BOOL_CONVERSION = YES;
				CLANG_WARN_COMMA = YES;
				CLANG_WARN_CONSTANT_CONVERSION = YES;
				CLANG_WARN_DEPRECATED_OBJC_IMPLEMENTATIONS = YES;
				CLANG_WARN_DIRECT_OBJC_ISA_USAGE = YES_ERROR;
				CLANG_WARN_DOCUMENTATION_COMMENTS = YES;
				CLANG_WARN_EMPTY_BODY = YES;
				CLANG_WARN_ENUM_CONVERSION = YES;
				CLANG_WARN_INFINITE_RECURSION = YES;
				CLANG_WARN_INT_CONVERSION = YES;
				CLANG_WARN_NON_LITERAL_NULL_CONVERSION = YES;
				CLANG_WARN_OBJC_IMPLICIT_RETAIN_SELF = YES;
				CLANG_WARN_OBJC_LITERAL_CONVERSION = YES;
				CLANG_WARN_OBJC_ROOT_CLASS = YES_ERROR;
				CLANG_WARN_QUOTED_INCLUDE_IN_FRAMEWORK_HEADER = YES;
				CLANG_WARN_RANGE_LOOP_ANALYSIS = YES;
				CLANG_WARN_STRICT_PROTOTYPES = YES;
				CLANG_WARN_SUSPICIOUS_MOVE = YES;
				CLANG_WARN_UNGUARDED_AVAILABILITY = YES_AGGRESSIVE;
				CLANG_WARN_UNREACHABLE_CODE = YES;
				CLANG_WARN__DUPLICATE_METHOD_MATCH = YES;
				COPY_PHASE_STRIP = NO;
				DEBUG_INFORMATION_FORMAT = "dwarf-with-dsym";
				ENABLE_NS_ASSERTIONS = NO;
				ENABLE_STRICT_OBJC_MSGSEND = YES;
				GCC_C_LANGUAGE_STANDARD = gnu11;
				GCC_NO_COMMON_BLOCKS = YES;
				GCC_WARN_64_TO_32_BIT_CONVERSION = YES;
				GCC_WARN_ABOUT_RETURN_TYPE = YES_ERROR;
				GCC_WARN_UNDECLARED_SELECTOR = YES;
				GCC_WARN_UNINITIALIZED_AUTOS = YES_AGGRESSIVE;
				GCC_WARN_UNUSED_FUNCTION = YES;
				GCC_WARN_UNUSED_VARIABLE = YES;
				IPHONEOS_DEPLOYMENT_TARGET = 15.0;
				MTL_ENABLE_DEBUG_INFO = NO;
				MTL_FAST_MATH = YES;
				SDKROOT = iphoneos;
				SWIFT_COMPILATION_MODE = wholemodule;
				SWIFT_OPTIMIZATION_LEVEL = "-O";
				VALIDATE_PRODUCT = YES;
			};
			name = Release;
		};
		BAAD374427C38994005FA7DE /* Debug */ = {
			isa = XCBuildConfiguration;
			buildSettings = {
				ASSETCATALOG_COMPILER_APPICON_NAME = AppIcon;
				ASSETCATALOG_COMPILER_GLOBAL_ACCENT_COLOR_NAME = AccentColor;
				CODE_SIGN_STYLE = Automatic;
				CURRENT_PROJECT_VERSION = 1;
				DEVELOPMENT_ASSET_PATHS = "\"arplasticocean/Preview Content\"";
				DEVELOPMENT_TEAM = J5CY9Q9UP5;
				ENABLE_PREVIEWS = YES;
				GENERATE_INFOPLIST_FILE = YES;
				INFOPLIST_FILE = arplasticocean/Info.plist;
				INFOPLIST_KEY_CFBundleDisplayName = "AR PLASTIC OCEAN";
				INFOPLIST_KEY_NSCameraUsageDescription = "AR REQUIRES A CAMERA.";
				INFOPLIST_KEY_UIApplicationSupportsIndirectInputEvents = YES;
				INFOPLIST_KEY_UIRequiredDeviceCapabilities = arkit;
				INFOPLIST_KEY_UISupportedInterfaceOrientations = "UIInterfaceOrientationPortrait UIInterfaceOrientationLandscapeLeft UIInterfaceOrientationLandscapeRight UIInterfaceOrientationPortraitUpsideDown";
				INFOPLIST_KEY_UISupportedInterfaceOrientations_iPad = "UIInterfaceOrientationPortrait UIInterfaceOrientationPortraitUpsideDown UIInterfaceOrientationLandscapeLeft UIInterfaceOrientationLandscapeRight";
				INFOPLIST_KEY_UISupportedInterfaceOrientations_iPhone = "UIInterfaceOrientationPortrait UIInterfaceOrientationLandscapeLeft UIInterfaceOrientationLandscapeRight";
				LD_RUNPATH_SEARCH_PATHS = (
					"$(inherited)",
					"@executable_path/Frameworks",
				);
				MARKETING_VERSION = 1.0;
				PRODUCT_BUNDLE_IDENTIFIER = com.atarayosd.arplasticocean;
				PRODUCT_NAME = "$(TARGET_NAME)";
				SWIFT_EMIT_LOC_STRINGS = YES;
				SWIFT_VERSION = 5.0;
				TARGETED_DEVICE_FAMILY = "1,2";
			};
			name = Debug;
		};
		BAAD374527C38994005FA7DE /* Release */ = {
			isa = XCBuildConfiguration;
			buildSettings = {
				ASSETCATALOG_COMPILER_APPICON_NAME = AppIcon;
				ASSETCATALOG_COMPILER_GLOBAL_ACCENT_COLOR_NAME = AccentColor;
				CODE_SIGN_STYLE = Automatic;
				CURRENT_PROJECT_VERSION = 1;
				DEVELOPMENT_ASSET_PATHS = "\"arplasticocean/Preview Content\"";
				DEVELOPMENT_TEAM = J5CY9Q9UP5;
				ENABLE_PREVIEWS = YES;
				GENERATE_INFOPLIST_FILE = YES;
				INFOPLIST_FILE = arplasticocean/Info.plist;
				INFOPLIST_KEY_CFBundleDisplayName = "AR PLASTIC OCEAN";
				INFOPLIST_KEY_NSCameraUsageDescription = "AR REQUIRES A CAMERA.";
				INFOPLIST_KEY_UIApplicationSupportsIndirectInputEvents = YES;
				INFOPLIST_KEY_UIRequiredDeviceCapabilities = arkit;
				INFOPLIST_KEY_UISupportedInterfaceOrientations = "UIInterfaceOrientationPortrait UIInterfaceOrientationLandscapeLeft UIInterfaceOrientationLandscapeRight UIInterfaceOrientationPortraitUpsideDown";
				INFOPLIST_KEY_UISupportedInterfaceOrientations_iPad = "UIInterfaceOrientationPortrait UIInterfaceOrientationPortraitUpsideDown UIInterfaceOrientationLandscapeLeft UIInterfaceOrientationLandscapeRight";
				INFOPLIST_KEY_UISupportedInterfaceOrientations_iPhone = "UIInterfaceOrientationPortrait UIInterfaceOrientationLandscapeLeft UIInterfaceOrientationLandscapeRight";
				LD_RUNPATH_SEARCH_PATHS = (
					"$(inherited)",
					"@executable_path/Frameworks",
				);
				MARKETING_VERSION = 1.0;
				PRODUCT_BUNDLE_IDENTIFIER = com.atarayosd.arplasticocean;
				PRODUCT_NAME = "$(TARGET_NAME)";
				SWIFT_EMIT_LOC_STRINGS = YES;
				SWIFT_VERSION = 5.0;
				TARGETED_DEVICE_FAMILY = "1,2";
			};
			name = Release;
		};
		BAAD375327C39B90005FA7DE /* Debug */ = {
			isa = XCBuildConfiguration;
			buildSettings = {
				BUNDLE_LOADER = "$(TEST_HOST)";
				CODE_SIGN_STYLE = Automatic;
				CURRENT_PROJECT_VERSION = 1;
				DEVELOPMENT_TEAM = J5CY9Q9UP5;
				GENERATE_INFOPLIST_FILE = YES;
				IPHONEOS_DEPLOYMENT_TARGET = 15.2;
				MARKETING_VERSION = 1.0;
				PRODUCT_BUNDLE_IDENTIFIER = com.atarayosd.arplasticoceanTests;
				PRODUCT_NAME = "$(TARGET_NAME)";
				SWIFT_EMIT_LOC_STRINGS = NO;
				SWIFT_VERSION = 5.0;
				TARGETED_DEVICE_FAMILY = "1,2";
				TEST_HOST = "$(BUILT_PRODUCTS_DIR)/arplasticocean.app/arplasticocean";
			};
			name = Debug;
		};
		BAAD375427C39B90005FA7DE /* Release */ = {
			isa = XCBuildConfiguration;
			buildSettings = {
				BUNDLE_LOADER = "$(TEST_HOST)";
				CODE_SIGN_STYLE = Automatic;
				CURRENT_PROJECT_VERSION = 1;
				DEVELOPMENT_TEAM = J5CY9Q9UP5;
				GENERATE_INFOPLIST_FILE = YES;
				IPHONEOS_DEPLOYMENT_TARGET = 15.2;
				MARKETING_VERSION = 1.0;
				PRODUCT_BUNDLE_IDENTIFIER = com.atarayosd.arplasticoceanTests;
				PRODUCT_NAME = "$(TARGET_NAME)";
				SWIFT_EMIT_LOC_STRINGS = NO;
				SWIFT_VERSION = 5.0;
				TARGETED_DEVICE_FAMILY = "1,2";
				TEST_HOST = "$(BUILT_PRODUCTS_DIR)/arplasticocean.app/arplasticocean";
			};
			name = Release;
		};
/* End XCBuildConfiguration section */

/* Begin XCConfigurationList section */
		BAAD373027C38993005FA7DE /* Build configuration list for PBXProject "arplasticocean" */ = {
			isa = XCConfigurationList;
			buildConfigurations = (
				BAAD374127C38994005FA7DE /* Debug */,
				BAAD374227C38994005FA7DE /* Release */,
			);
			defaultConfigurationIsVisible = 0;
			defaultConfigurationName = Release;
		};
		BAAD374327C38994005FA7DE /* Build configuration list for PBXNativeTarget "arplasticocean" */ = {
			isa = XCConfigurationList;
			buildConfigurations = (
				BAAD374427C38994005FA7DE /* Debug */,
				BAAD374527C38994005FA7DE /* Release */,
			);
			defaultConfigurationIsVisible = 0;
			defaultConfigurationName = Release;
		};
		BAAD375227C39B90005FA7DE /* Build configuration list for PBXNativeTarget "arplasticoceanTests" */ = {
			isa = XCConfigurationList;
			buildConfigurations = (
				BAAD375327C39B90005FA7DE /* Debug */,
				BAAD375427C39B90005FA7DE /* Release */,
			);
			defaultConfigurationIsVisible = 0;
			defaultConfigurationName = Release;
		};
/* End XCConfigurationList section */
	};
	rootObject = BAAD372D27C38993005FA7DE /* Project object */;
}
